
Microsoft Visual Studio Solution File, Format Version 12.00
Project("{FAE04EC0-301F-11D3-BF4B-00C04F79EFBC}") = "Pharmacy.Api", "Pharmacy.Api\Pharmacy.Api.csproj", "{DC838631-94F8-4E0C-AEE2-2D29AAFC17CC}"
EndProject
Project("{FAE04EC0-301F-11D3-BF4B-00C04F79EFBC}") = "Pharmacy.Business", "Pharmacy.Business\Pharmacy.Business.csproj", "{49FF7649-E9B1-4055-A9E0-14AAA60829B2}"
EndProject
Project("{FAE04EC0-301F-11D3-BF4B-00C04F79EFBC}") = "Pharmacy.Test", "Pharmacy.Test\Pharmacy.Test.csproj", "{38032091-4E3C-44A2-837E-037F140A3E55}"
EndProject
Global
	GlobalSection(SolutionConfigurationPlatforms) = preSolution
		Debug|Any CPU = Debug|Any CPU
		Release|Any CPU = Release|Any CPU
	EndGlobalSection
	GlobalSection(ProjectConfigurationPlatforms) = postSolution
		{DC838631-94F8-4E0C-AEE2-2D29AAFC17CC}.Debug|Any CPU.ActiveCfg = Debug|Any CPU
		{DC838631-94F8-4E0C-AEE2-2D29AAFC17CC}.Debug|Any CPU.Build.0 = Debug|Any CPU
		{DC838631-94F8-4E0C-AEE2-2D29AAFC17CC}.Release|Any CPU.ActiveCfg = Release|Any CPU
		{DC838631-94F8-4E0C-AEE2-2D29AAFC17CC}.Release|Any CPU.Build.0 = Release|Any CPU
		{49FF7649-E9B1-4055-A9E0-14AAA60829B2}.Debug|Any CPU.ActiveCfg = Debug|Any CPU
		{49FF7649-E9B1-4055-A9E0-14AAA60829B2}.Debug|Any CPU.Build.0 = Debug|Any CPU
		{49FF7649-E9B1-4055-A9E0-14AAA60829B2}.Release|Any CPU.ActiveCfg = Release|Any CPU
		{49FF7649-E9B1-4055-A9E0-14AAA60829B2}.Release|Any CPU.Build.0 = Release|Any CPU
		{38032091-4E3C-44A2-837E-037F140A3E55}.Debug|Any CPU.ActiveCfg = Debug|Any CPU
		{38032091-4E3C-44A2-837E-037F140A3E55}.Debug|Any CPU.Build.0 = Debug|Any CPU
		{38032091-4E3C-44A2-837E-037F140A3E55}.Release|Any CPU.ActiveCfg = Release|Any CPU
		{38032091-4E3C-44A2-837E-037F140A3E55}.Release|Any CPU.Build.0 = Release|Any CPU
	EndGlobalSection
EndGlobal
